<<<<<<< HEAD
﻿
Microsoft Visual Studio Solution File, Format Version 12.00
# Visual Studio 2012
# SharpDevelop 5.1
VisualStudioVersion = 12.0.20827.3
MinimumVisualStudioVersion = 10.0.40219.1
Project("{FAE04EC0-301F-11D3-BF4B-00C04F79EFBC}") = "Electronic_Tollgate", "Electronic_Tollgate.csproj", "{7F916C42-6EBF-4633-B86A-0204BBC9D882}"
EndProject
Global
	GlobalSection(SolutionConfigurationPlatforms) = preSolution
		Debug|Any CPU = Debug|Any CPU
		Release|Any CPU = Release|Any CPU
	EndGlobalSection
	GlobalSection(ProjectConfigurationPlatforms) = postSolution
		{7F916C42-6EBF-4633-B86A-0204BBC9D882}.Debug|Any CPU.ActiveCfg = Debug|Any CPU
		{7F916C42-6EBF-4633-B86A-0204BBC9D882}.Debug|Any CPU.Build.0 = Debug|Any CPU
		{7F916C42-6EBF-4633-B86A-0204BBC9D882}.Release|Any CPU.ActiveCfg = Release|Any CPU
		{7F916C42-6EBF-4633-B86A-0204BBC9D882}.Release|Any CPU.Build.0 = Release|Any CPU
	EndGlobalSection
EndGlobal
=======
﻿
Microsoft Visual Studio Solution File, Format Version 12.00
# Visual Studio 2012
# SharpDevelop 5.1
VisualStudioVersion = 12.0.20827.3
MinimumVisualStudioVersion = 10.0.40219.1
Project("{FAE04EC0-301F-11D3-BF4B-00C04F79EFBC}") = "Electronic_Tollgate", "Electronic_Tollgate.csproj", "{7F916C42-6EBF-4633-B86A-0204BBC9D882}"
EndProject
Global
	GlobalSection(SolutionConfigurationPlatforms) = preSolution
		Debug|Any CPU = Debug|Any CPU
		Release|Any CPU = Release|Any CPU
	EndGlobalSection
	GlobalSection(ProjectConfigurationPlatforms) = postSolution
		{7F916C42-6EBF-4633-B86A-0204BBC9D882}.Debug|Any CPU.ActiveCfg = Debug|Any CPU
		{7F916C42-6EBF-4633-B86A-0204BBC9D882}.Debug|Any CPU.Build.0 = Debug|Any CPU
		{7F916C42-6EBF-4633-B86A-0204BBC9D882}.Release|Any CPU.ActiveCfg = Release|Any CPU
		{7F916C42-6EBF-4633-B86A-0204BBC9D882}.Release|Any CPU.Build.0 = Release|Any CPU
	EndGlobalSection
EndGlobal
>>>>>>> parent of 5a30ca7... commit message
